{
  "name": "appium-mcp-server",
  "version": "0.1.53",
  "lockfileVersion": 3,
  "requires": true,
  "packages": {
    "": {
      "name": "appium-mcp-server",
      "version": "0.1.53",
      "license": "MIT",
      "bin": {
        "appium-mcp-server": "bin/appium-mcp-server.js"
      }
    }
  }
}
